
Microsoft Visual Studio Solution File, Format Version 12.00
# Visual Studio Version 16
VisualStudioVersion = 16.0.31515.178
MinimumVisualStudioVersion = 10.0.40219.1
Project("{FAE04EC0-301F-11D3-BF4B-00C04F79EFBC}") = "Capa_Presentacion", "Capa_Presentacion\Capa_Presentacion.csproj", "{AA442EAD-FC42-4BC8-9F0F-C5C2B21D57BB}"
EndProject
Global
	GlobalSection(SolutionConfigurationPlatforms) = preSolution
		Debug|Any CPU = Debug|Any CPU
		Release|Any CPU = Release|Any CPU
	EndGlobalSection
	GlobalSection(ProjectConfigurationPlatforms) = postSolution
		{AA442EAD-FC42-4BC8-9F0F-C5C2B21D57BB}.Debug|Any CPU.ActiveCfg = Debug|Any CPU
		{AA442EAD-FC42-4BC8-9F0F-C5C2B21D57BB}.Debug|Any CPU.Build.0 = Debug|Any CPU
		{AA442EAD-FC42-4BC8-9F0F-C5C2B21D57BB}.Release|Any CPU.ActiveCfg = Release|Any CPU
		{AA442EAD-FC42-4BC8-9F0F-C5C2B21D57BB}.Release|Any CPU.Build.0 = Release|Any CPU
	EndGlobalSection
	GlobalSection(SolutionProperties) = preSolution
		HideSolutionNode = FALSE
	EndGlobalSection
	GlobalSection(ExtensibilityGlobals) = postSolution
		SolutionGuid = {EAF7EA20-0D04-4689-AEF0-9A21C2F2CA34}
	EndGlobalSection
EndGlobal
